uuid: b3b505d6-b827-40d5-86fd-2aea90ea352c
langcode: en
status: true
dependencies:
  module:
    - comic_article
    - system
  theme:
    - comic
id: latestblogsblock
theme: comic
region: sidebar
weight: -8
provider: null
plugin: latest_blogs_block
settings:
  id: latest_blogs_block
  label: 'Recent stories'
  provider: comic_article
  label_display: visible
visibility:
  request_path:
    id: request_path
    pages: '<front>'
    negate: false
    context_mapping: {  }
