uuid: e1483321-7c5c-4464-a759-07513386b2ba
langcode: en
status: true
dependencies:
  module:
    - comic_profile
    - system
  theme:
    - comic
id: profileblock
theme: comic
region: sidebar
weight: -9
provider: null
plugin: profile_block
settings:
  id: profile_block
  label: 'About author'
  provider: comic_profile
  label_display: visible
visibility:
  request_path:
    id: request_path
    pages: '<front>'
    negate: false
    context_mapping: {  }
